# This file was autogenerated by Stack.
# You should not edit this file by hand.
# For more information, please see the documentation at:
#   https://docs.haskellstack.org/en/stable/lock_files

packages:
- completed:
    hackage: ghc-source-gen-0.4.2.0@sha256:f75eee7282aa0e4aa8062845b27d33986a9cf394b5eb5323f7fbdb3e31a28768,4392
    pantry-tree:
      size: 3250
      sha256: 4ea5ee6ec0815f605a6ced643ef9d8e0db277239f10944900a35f4d362c1819b
  original:
    hackage: ghc-source-gen-0.4.2.0
- completed:
    hackage: filemanip-0.3.6.3@sha256:7b5f8aa0626724fbd77721f4d01241b1e7f390dd6a4086bddba77c0cea25fcd7,1223
    pantry-tree:
      size: 474
      sha256: 36edb782f6c69ecfde50ec2baf9fc2fac9ba1e22c814bd5c8d6527fd98976327
  original:
    hackage: filemanip-0.3.6.3
snapshots:
- completed:
    size: 586292
    url: https://raw.githubusercontent.com/commercialhaskell/stackage-snapshots/master/lts/18/17.yaml
    sha256: e66e70a7f998036025e8f40abc89b8eeb79c88f57727020cba1b54f375aa7ca0
  original: lts-18.17
